
Microsoft Visual Studio Solution File, Format Version 12.00
# Visual Studio Version 17
VisualStudioVersion = 17.5.33627.172
MinimumVisualStudioVersion = 10.0.40219.1
Project("{FAE04EC0-301F-11D3-BF4B-00C04F79EFBC}") = "Q5", "Q5\Q5.csproj", "{5371969C-994B-4F62-AF57-8A37DF844161}"
EndProject
Global
	GlobalSection(SolutionConfigurationPlatforms) = preSolution
		Debug|Any CPU = Debug|Any CPU
		Release|Any CPU = Release|Any CPU
	EndGlobalSection
	GlobalSection(ProjectConfigurationPlatforms) = postSolution
		{5371969C-994B-4F62-AF57-8A37DF844161}.Debug|Any CPU.ActiveCfg = Debug|Any CPU
		{5371969C-994B-4F62-AF57-8A37DF844161}.Debug|Any CPU.Build.0 = Debug|Any CPU
		{5371969C-994B-4F62-AF57-8A37DF844161}.Release|Any CPU.ActiveCfg = Release|Any CPU
		{5371969C-994B-4F62-AF57-8A37DF844161}.Release|Any CPU.Build.0 = Release|Any CPU
	EndGlobalSection
	GlobalSection(SolutionProperties) = preSolution
		HideSolutionNode = FALSE
	EndGlobalSection
	GlobalSection(ExtensibilityGlobals) = postSolution
		SolutionGuid = {D8BC7016-3A7E-47A3-BD4C-DEC008009078}
	EndGlobalSection
EndGlobal
