
Microsoft Visual Studio Solution File, Format Version 12.00
# Visual Studio Version 17
VisualStudioVersion = 17.5.33627.172
MinimumVisualStudioVersion = 10.0.40219.1
Project("{FAE04EC0-301F-11D3-BF4B-00C04F79EFBC}") = "Q1", "Q1\Q1.csproj", "{DBFDBEE7-6273-4BD2-9D01-C22749F631D8}"
EndProject
Global
	GlobalSection(SolutionConfigurationPlatforms) = preSolution
		Debug|Any CPU = Debug|Any CPU
		Release|Any CPU = Release|Any CPU
	EndGlobalSection
	GlobalSection(ProjectConfigurationPlatforms) = postSolution
		{DBFDBEE7-6273-4BD2-9D01-C22749F631D8}.Debug|Any CPU.ActiveCfg = Debug|Any CPU
		{DBFDBEE7-6273-4BD2-9D01-C22749F631D8}.Debug|Any CPU.Build.0 = Debug|Any CPU
		{DBFDBEE7-6273-4BD2-9D01-C22749F631D8}.Release|Any CPU.ActiveCfg = Release|Any CPU
		{DBFDBEE7-6273-4BD2-9D01-C22749F631D8}.Release|Any CPU.Build.0 = Release|Any CPU
	EndGlobalSection
	GlobalSection(SolutionProperties) = preSolution
		HideSolutionNode = FALSE
	EndGlobalSection
	GlobalSection(ExtensibilityGlobals) = postSolution
		SolutionGuid = {6BE0D399-A200-4779-A1BB-AA34461D4407}
	EndGlobalSection
EndGlobal
